
Microsoft Visual Studio Solution File, Format Version 12.00
# Visual Studio 2013
VisualStudioVersion = 12.0.30723.0
MinimumVisualStudioVersion = 10.0.40219.1
Project("{FAE04EC0-301F-11D3-BF4B-00C04F79EFBC}") = "ProductDemo.Data", "ProductDemo.Data\ProductDemo.Data.csproj", "{22C24D11-41E2-4C00-BE09-0C0C5212AB1D}"
EndProject
Project("{FAE04EC0-301F-11D3-BF4B-00C04F79EFBC}") = "ProductDemo.Core", "ProductDemo.Core\ProductDemo.Core.csproj", "{D0330F09-EB2C-4D7D-8BA8-3286DEB9FD16}"
EndProject
Project("{FAE04EC0-301F-11D3-BF4B-00C04F79EFBC}") = "ProductDemo.Admin", "ProductDemo.Admin\ProductDemo.Admin.csproj", "{CF3DA51E-89B8-4873-81E5-46EF6D513FA5}"
EndProject
Project("{FAE04EC0-301F-11D3-BF4B-00C04F79EFBC}") = "ProductDemo.Console", "ProductDemo.Console\ProductDemo.Console.csproj", "{40BECFAE-699E-44D2-AFD7-7D5FB6A77E69}"
EndProject
Project("{FAE04EC0-301F-11D3-BF4B-00C04F79EFBC}") = "ProductDemo.Web", "ProductDemo.Web\ProductDemo.Web.csproj", "{349994ED-A656-405C-B8B5-7AB0C477774B}"
EndProject
Global
	GlobalSection(SolutionConfigurationPlatforms) = preSolution
		Debug|Any CPU = Debug|Any CPU
		Release|Any CPU = Release|Any CPU
	EndGlobalSection
	GlobalSection(ProjectConfigurationPlatforms) = postSolution
		{22C24D11-41E2-4C00-BE09-0C0C5212AB1D}.Debug|Any CPU.ActiveCfg = Debug|Any CPU
		{22C24D11-41E2-4C00-BE09-0C0C5212AB1D}.Debug|Any CPU.Build.0 = Debug|Any CPU
		{22C24D11-41E2-4C00-BE09-0C0C5212AB1D}.Release|Any CPU.ActiveCfg = Release|Any CPU
		{22C24D11-41E2-4C00-BE09-0C0C5212AB1D}.Release|Any CPU.Build.0 = Release|Any CPU
		{D0330F09-EB2C-4D7D-8BA8-3286DEB9FD16}.Debug|Any CPU.ActiveCfg = Debug|Any CPU
		{D0330F09-EB2C-4D7D-8BA8-3286DEB9FD16}.Debug|Any CPU.Build.0 = Debug|Any CPU
		{D0330F09-EB2C-4D7D-8BA8-3286DEB9FD16}.Release|Any CPU.ActiveCfg = Release|Any CPU
		{D0330F09-EB2C-4D7D-8BA8-3286DEB9FD16}.Release|Any CPU.Build.0 = Release|Any CPU
		{CF3DA51E-89B8-4873-81E5-46EF6D513FA5}.Debug|Any CPU.ActiveCfg = Debug|Any CPU
		{CF3DA51E-89B8-4873-81E5-46EF6D513FA5}.Debug|Any CPU.Build.0 = Debug|Any CPU
		{CF3DA51E-89B8-4873-81E5-46EF6D513FA5}.Release|Any CPU.ActiveCfg = Release|Any CPU
		{CF3DA51E-89B8-4873-81E5-46EF6D513FA5}.Release|Any CPU.Build.0 = Release|Any CPU
		{40BECFAE-699E-44D2-AFD7-7D5FB6A77E69}.Debug|Any CPU.ActiveCfg = Debug|Any CPU
		{40BECFAE-699E-44D2-AFD7-7D5FB6A77E69}.Debug|Any CPU.Build.0 = Debug|Any CPU
		{40BECFAE-699E-44D2-AFD7-7D5FB6A77E69}.Release|Any CPU.ActiveCfg = Release|Any CPU
		{40BECFAE-699E-44D2-AFD7-7D5FB6A77E69}.Release|Any CPU.Build.0 = Release|Any CPU
		{349994ED-A656-405C-B8B5-7AB0C477774B}.Debug|Any CPU.ActiveCfg = Debug|Any CPU
		{349994ED-A656-405C-B8B5-7AB0C477774B}.Debug|Any CPU.Build.0 = Debug|Any CPU
		{349994ED-A656-405C-B8B5-7AB0C477774B}.Release|Any CPU.ActiveCfg = Release|Any CPU
		{349994ED-A656-405C-B8B5-7AB0C477774B}.Release|Any CPU.Build.0 = Release|Any CPU
	EndGlobalSection
	GlobalSection(SolutionProperties) = preSolution
		HideSolutionNode = FALSE
	EndGlobalSection
EndGlobal
